<Solution>
  <Folder Name="/Solution Items/">
    <File Path="README.md" />
  </Folder>
  <Folder Name="/src/" />
  <Folder Name="/src/Services/" />
  <Folder Name="/src/Services/AuthService/">
    <Project Path="ERP.AuthService/ERP.AuthService.csproj" />
  </Folder>
  <Project Path="ERP.Gateway/ERP.Gateway.csproj" Id="52856135-4d4e-43d2-8bc7-6285ae5e42f7" />
</Solution>
